
Microsoft Visual Studio Solution File, Format Version 12.00
# Visual Studio Version 17
VisualStudioVersion = 17.4.33213.308
MinimumVisualStudioVersion = 10.0.40219.1
Project("{FAE04EC0-301F-11D3-BF4B-00C04F79EFBC}") = "LukeMauiFilePicker", "LukeMauiFilePicker\LukeMauiFilePicker.csproj", "{F3B5CD0E-BB6C-43B6-A8E4-22625E4B7B89}"
EndProject
Project("{FAE04EC0-301F-11D3-BF4B-00C04F79EFBC}") = "LukeMauiFilePicker.Demo", "LukeMauiFilePicker.Demo\LukeMauiFilePicker.Demo.csproj", "{E83AAC6F-32F2-40A5-B8CA-28E48BE422F5}"
EndProject
Global
	GlobalSection(SolutionConfigurationPlatforms) = preSolution
		Debug|Any CPU = Debug|Any CPU
		Release|Any CPU = Release|Any CPU
	EndGlobalSection
	GlobalSection(ProjectConfigurationPlatforms) = postSolution
		{F3B5CD0E-BB6C-43B6-A8E4-22625E4B7B89}.Debug|Any CPU.ActiveCfg = Debug|Any CPU
		{F3B5CD0E-BB6C-43B6-A8E4-22625E4B7B89}.Debug|Any CPU.Build.0 = Debug|Any CPU
		{F3B5CD0E-BB6C-43B6-A8E4-22625E4B7B89}.Release|Any CPU.ActiveCfg = Release|Any CPU
		{F3B5CD0E-BB6C-43B6-A8E4-22625E4B7B89}.Release|Any CPU.Build.0 = Release|Any CPU
		{E83AAC6F-32F2-40A5-B8CA-28E48BE422F5}.Debug|Any CPU.ActiveCfg = Debug|Any CPU
		{E83AAC6F-32F2-40A5-B8CA-28E48BE422F5}.Debug|Any CPU.Build.0 = Debug|Any CPU
		{E83AAC6F-32F2-40A5-B8CA-28E48BE422F5}.Debug|Any CPU.Deploy.0 = Debug|Any CPU
		{E83AAC6F-32F2-40A5-B8CA-28E48BE422F5}.Release|Any CPU.ActiveCfg = Release|Any CPU
		{E83AAC6F-32F2-40A5-B8CA-28E48BE422F5}.Release|Any CPU.Build.0 = Release|Any CPU
		{E83AAC6F-32F2-40A5-B8CA-28E48BE422F5}.Release|Any CPU.Deploy.0 = Release|Any CPU
	EndGlobalSection
	GlobalSection(SolutionProperties) = preSolution
		HideSolutionNode = FALSE
	EndGlobalSection
	GlobalSection(ExtensibilityGlobals) = postSolution
		SolutionGuid = {070BFB58-4288-4B8D-B6FE-8087D0386677}
	EndGlobalSection
EndGlobal
